
Microsoft Visual Studio Solution File, Format Version 12.00
# Visual Studio Version 17
VisualStudioVersion = 17.1.32210.238
MinimumVisualStudioVersion = 10.0.40219.1
Project("{2150E333-8FDC-42A3-9474-1A3956D46DE8}") = "src", "src", "{CFFB1EB9-6447-4C20-8400-27D7E2B04508}"
EndProject
Project("{2150E333-8FDC-42A3-9474-1A3956D46DE8}") = "tests", "tests", "{1362EA01-9B01-4E17-A8FB-E42730A2AAB1}"
EndProject
Project("{2150E333-8FDC-42A3-9474-1A3956D46DE8}") = "corePackages", "corePackages", "{01B7F227-CE8F-41FD-9AF8-6AF5E5259161}"
EndProject
Project("{2150E333-8FDC-42A3-9474-1A3956D46DE8}") = "demoProjects", "demoProjects", "{84E05683-0E4A-4FB1-8FD4-9F0C509BC74C}"
EndProject
Project("{9A19103F-16F7-4668-BE54-9A1E7A4F7556}") = "Core.Application", "src\corePackages\Core.Application\Core.Application.csproj", "{CD9A8AA1-5CAB-4218-91C5-2550BB86354A}"
EndProject
Project("{9A19103F-16F7-4668-BE54-9A1E7A4F7556}") = "Core.CrossCuttingConcerns", "src\corePackages\Core.CrossCuttingConcers\Core.CrossCuttingConcerns.csproj", "{A6D04B11-0C09-4361-B044-B743F61D9E06}"
EndProject
Project("{9A19103F-16F7-4668-BE54-9A1E7A4F7556}") = "Core.ElasticSearch", "src\corePackages\Core.ElasticSearch\Core.ElasticSearch.csproj", "{EAE0F331-1D99-42F6-9926-34C3EAD78BBF}"
EndProject
Project("{9A19103F-16F7-4668-BE54-9A1E7A4F7556}") = "Core.Mailing", "src\corePackages\Core.Mailing\Core.Mailing.csproj", "{4EA615C5-8C04-4EA1-91DA-C86DA54D2E63}"
EndProject
Project("{9A19103F-16F7-4668-BE54-9A1E7A4F7556}") = "Core.Persistence", "src\corePackages\Core.Persistence\Core.Persistence.csproj", "{54635492-7F95-449B-8C5B-493566F68D4A}"
EndProject
Project("{9A19103F-16F7-4668-BE54-9A1E7A4F7556}") = "Core.Security", "src\corePackages\Core.Security\Core.Security.csproj", "{00AA7CFA-B348-4303-B3D0-40750DA10B94}"
EndProject
Project("{2150E333-8FDC-42A3-9474-1A3956D46DE8}") = "templateProject", "templateProject", "{11C509DD-21AC-415F-B2F2-EB58985F2703}"
EndProject
Project("{9A19103F-16F7-4668-BE54-9A1E7A4F7556}") = "Application", "src\demoProjects\templateProject\Application\Application.csproj", "{78EA22FC-B933-4349-A097-556A076009F1}"
EndProject
Project("{9A19103F-16F7-4668-BE54-9A1E7A4F7556}") = "Domain", "src\demoProjects\templateProject\Domain\Domain.csproj", "{D0D4D281-24C1-4EE0-88D6-01FA18B90442}"
EndProject
Project("{9A19103F-16F7-4668-BE54-9A1E7A4F7556}") = "Infrastructure", "src\demoProjects\templateProject\Infrastructure\Infrastructure.csproj", "{1A88B2CE-A954-4709-B15E-F6F1210AD2FD}"
EndProject
Project("{9A19103F-16F7-4668-BE54-9A1E7A4F7556}") = "Persistence", "src\demoProjects\templateProject\Persistence\Persistence.csproj", "{53D6E924-1C32-4039-8192-CE1BEA129C61}"
EndProject
Project("{9A19103F-16F7-4668-BE54-9A1E7A4F7556}") = "WebAPI", "src\demoProjects\templateProject\WebAPI\WebAPI.csproj", "{54568B1F-31E7-4BA3-A2ED-826E85050603}"
EndProject
Project("{2150E333-8FDC-42A3-9474-1A3956D46DE8}") = "rentACar-2", "rentACar-2", "{E3BE1496-27FA-4B1B-B8B2-A9DC8DDDC4C3}"
EndProject
Project("{2150E333-8FDC-42A3-9474-1A3956D46DE8}") = "rentACar", "rentACar", "{4D2E6395-7B0E-4375-809B-BFE3877C88BD}"
EndProject
Project("{9A19103F-16F7-4668-BE54-9A1E7A4F7556}") = "Domain", "src\demoProjects\rentACar\Domain\Domain.csproj", "{25692453-FAEE-4B7B-B708-01F05A48E752}"
EndProject
Project("{9A19103F-16F7-4668-BE54-9A1E7A4F7556}") = "Infrastructure", "src\demoProjects\rentACar\Infrastructure\Infrastructure.csproj", "{BF726E0C-B3B5-416B-9E77-82F8AA362F0D}"
EndProject
Project("{9A19103F-16F7-4668-BE54-9A1E7A4F7556}") = "Persistance", "src\demoProjects\rentACar\Persistance\Persistance.csproj", "{2C27CEBC-A4BE-4D8A-89FB-B5DFDB3BB286}"
EndProject
Project("{9A19103F-16F7-4668-BE54-9A1E7A4F7556}") = "WebAPI", "src\demoProjects\rentACar\WebAPI\WebAPI.csproj", "{F10FCB9C-749A-48DD-9A9F-2E208C464728}"
EndProject
Project("{9A19103F-16F7-4668-BE54-9A1E7A4F7556}") = "Application", "src\demoProjects\rentACar-2\Application\Application.csproj", "{FD3194A6-37CE-45D2-9860-C877A197146A}"
EndProject
Project("{9A19103F-16F7-4668-BE54-9A1E7A4F7556}") = "Domain", "src\demoProjects\rentACar-2\Domain\Domain.csproj", "{FB7435BE-4596-482A-9669-A41CAB303429}"
EndProject
Project("{9A19103F-16F7-4668-BE54-9A1E7A4F7556}") = "Infrastructure", "src\demoProjects\rentACar-2\Infrastructure\Infrastructure.csproj", "{34950970-A7A4-4FF9-9ACB-A0C92A6A6982}"
EndProject
Project("{9A19103F-16F7-4668-BE54-9A1E7A4F7556}") = "Persistence", "src\demoProjects\rentACar-2\Persistence\Persistence.csproj", "{2C570399-7FB4-4C83-AA23-712CA29C60DA}"
EndProject
Project("{9A19103F-16F7-4668-BE54-9A1E7A4F7556}") = "WebAPI", "src\demoProjects\rentACar-2\WebAPI\WebAPI.csproj", "{E4EEA043-959F-407D-A11F-93A381FF38F5}"
EndProject
Project("{9A19103F-16F7-4668-BE54-9A1E7A4F7556}") = "Application", "src\demoProjects\rentACar\Application\Application.csproj", "{76F66232-7444-4F5A-B097-7BEFCA03DD00}"
EndProject
Project("{2150E333-8FDC-42A3-9474-1A3956D46DE8}") = "Images", "Images", "{81ADB4C9-6D2A-42AF-9139-F010878B1FCB}"
	ProjectSection(SolutionItems) = preProject
		..\..\Documents\1_0Pg6_UsaKiiEqUV3kf2HXg.png = ..\..\Documents\1_0Pg6_UsaKiiEqUV3kf2HXg.png
	EndProjectSection
EndProject
Project("{2150E333-8FDC-42A3-9474-1A3956D46DE8}") = "migration_commands", "migration_commands", "{2F2936AC-70EB-4BC1-A7BC-A01DF9655343}"
	ProjectSection(SolutionItems) = preProject
		commands.txt = commands.txt
	EndProjectSection
EndProject
Global
	GlobalSection(SolutionConfigurationPlatforms) = preSolution
		Debug|Any CPU = Debug|Any CPU
		Release|Any CPU = Release|Any CPU
	EndGlobalSection
	GlobalSection(ProjectConfigurationPlatforms) = postSolution
		{CD9A8AA1-5CAB-4218-91C5-2550BB86354A}.Debug|Any CPU.ActiveCfg = Debug|Any CPU
		{CD9A8AA1-5CAB-4218-91C5-2550BB86354A}.Debug|Any CPU.Build.0 = Debug|Any CPU
		{CD9A8AA1-5CAB-4218-91C5-2550BB86354A}.Release|Any CPU.ActiveCfg = Release|Any CPU
		{CD9A8AA1-5CAB-4218-91C5-2550BB86354A}.Release|Any CPU.Build.0 = Release|Any CPU
		{A6D04B11-0C09-4361-B044-B743F61D9E06}.Debug|Any CPU.ActiveCfg = Debug|Any CPU
		{A6D04B11-0C09-4361-B044-B743F61D9E06}.Debug|Any CPU.Build.0 = Debug|Any CPU
		{A6D04B11-0C09-4361-B044-B743F61D9E06}.Release|Any CPU.ActiveCfg = Release|Any CPU
		{A6D04B11-0C09-4361-B044-B743F61D9E06}.Release|Any CPU.Build.0 = Release|Any CPU
		{EAE0F331-1D99-42F6-9926-34C3EAD78BBF}.Debug|Any CPU.ActiveCfg = Debug|Any CPU
		{EAE0F331-1D99-42F6-9926-34C3EAD78BBF}.Debug|Any CPU.Build.0 = Debug|Any CPU
		{EAE0F331-1D99-42F6-9926-34C3EAD78BBF}.Release|Any CPU.ActiveCfg = Release|Any CPU
		{EAE0F331-1D99-42F6-9926-34C3EAD78BBF}.Release|Any CPU.Build.0 = Release|Any CPU
		{4EA615C5-8C04-4EA1-91DA-C86DA54D2E63}.Debug|Any CPU.ActiveCfg = Debug|Any CPU
		{4EA615C5-8C04-4EA1-91DA-C86DA54D2E63}.Debug|Any CPU.Build.0 = Debug|Any CPU
		{4EA615C5-8C04-4EA1-91DA-C86DA54D2E63}.Release|Any CPU.ActiveCfg = Release|Any CPU
		{4EA615C5-8C04-4EA1-91DA-C86DA54D2E63}.Release|Any CPU.Build.0 = Release|Any CPU
		{54635492-7F95-449B-8C5B-493566F68D4A}.Debug|Any CPU.ActiveCfg = Debug|Any CPU
		{54635492-7F95-449B-8C5B-493566F68D4A}.Debug|Any CPU.Build.0 = Debug|Any CPU
		{54635492-7F95-449B-8C5B-493566F68D4A}.Release|Any CPU.ActiveCfg = Release|Any CPU
		{54635492-7F95-449B-8C5B-493566F68D4A}.Release|Any CPU.Build.0 = Release|Any CPU
		{00AA7CFA-B348-4303-B3D0-40750DA10B94}.Debug|Any CPU.ActiveCfg = Debug|Any CPU
		{00AA7CFA-B348-4303-B3D0-40750DA10B94}.Debug|Any CPU.Build.0 = Debug|Any CPU
		{00AA7CFA-B348-4303-B3D0-40750DA10B94}.Release|Any CPU.ActiveCfg = Release|Any CPU
		{00AA7CFA-B348-4303-B3D0-40750DA10B94}.Release|Any CPU.Build.0 = Release|Any CPU
		{78EA22FC-B933-4349-A097-556A076009F1}.Debug|Any CPU.ActiveCfg = Debug|Any CPU
		{78EA22FC-B933-4349-A097-556A076009F1}.Debug|Any CPU.Build.0 = Debug|Any CPU
		{78EA22FC-B933-4349-A097-556A076009F1}.Release|Any CPU.ActiveCfg = Release|Any CPU
		{78EA22FC-B933-4349-A097-556A076009F1}.Release|Any CPU.Build.0 = Release|Any CPU
		{D0D4D281-24C1-4EE0-88D6-01FA18B90442}.Debug|Any CPU.ActiveCfg = Debug|Any CPU
		{D0D4D281-24C1-4EE0-88D6-01FA18B90442}.Debug|Any CPU.Build.0 = Debug|Any CPU
		{D0D4D281-24C1-4EE0-88D6-01FA18B90442}.Release|Any CPU.ActiveCfg = Release|Any CPU
		{D0D4D281-24C1-4EE0-88D6-01FA18B90442}.Release|Any CPU.Build.0 = Release|Any CPU
		{1A88B2CE-A954-4709-B15E-F6F1210AD2FD}.Debug|Any CPU.ActiveCfg = Debug|Any CPU
		{1A88B2CE-A954-4709-B15E-F6F1210AD2FD}.Debug|Any CPU.Build.0 = Debug|Any CPU
		{1A88B2CE-A954-4709-B15E-F6F1210AD2FD}.Release|Any CPU.ActiveCfg = Release|Any CPU
		{1A88B2CE-A954-4709-B15E-F6F1210AD2FD}.Release|Any CPU.Build.0 = Release|Any CPU
		{53D6E924-1C32-4039-8192-CE1BEA129C61}.Debug|Any CPU.ActiveCfg = Debug|Any CPU
		{53D6E924-1C32-4039-8192-CE1BEA129C61}.Debug|Any CPU.Build.0 = Debug|Any CPU
		{53D6E924-1C32-4039-8192-CE1BEA129C61}.Release|Any CPU.ActiveCfg = Release|Any CPU
		{53D6E924-1C32-4039-8192-CE1BEA129C61}.Release|Any CPU.Build.0 = Release|Any CPU
		{54568B1F-31E7-4BA3-A2ED-826E85050603}.Debug|Any CPU.ActiveCfg = Debug|Any CPU
		{54568B1F-31E7-4BA3-A2ED-826E85050603}.Debug|Any CPU.Build.0 = Debug|Any CPU
		{54568B1F-31E7-4BA3-A2ED-826E85050603}.Release|Any CPU.ActiveCfg = Release|Any CPU
		{54568B1F-31E7-4BA3-A2ED-826E85050603}.Release|Any CPU.Build.0 = Release|Any CPU
		{25692453-FAEE-4B7B-B708-01F05A48E752}.Debug|Any CPU.ActiveCfg = Debug|Any CPU
		{25692453-FAEE-4B7B-B708-01F05A48E752}.Debug|Any CPU.Build.0 = Debug|Any CPU
		{25692453-FAEE-4B7B-B708-01F05A48E752}.Release|Any CPU.ActiveCfg = Release|Any CPU
		{25692453-FAEE-4B7B-B708-01F05A48E752}.Release|Any CPU.Build.0 = Release|Any CPU
		{BF726E0C-B3B5-416B-9E77-82F8AA362F0D}.Debug|Any CPU.ActiveCfg = Debug|Any CPU
		{BF726E0C-B3B5-416B-9E77-82F8AA362F0D}.Debug|Any CPU.Build.0 = Debug|Any CPU
		{BF726E0C-B3B5-416B-9E77-82F8AA362F0D}.Release|Any CPU.ActiveCfg = Release|Any CPU
		{BF726E0C-B3B5-416B-9E77-82F8AA362F0D}.Release|Any CPU.Build.0 = Release|Any CPU
		{2C27CEBC-A4BE-4D8A-89FB-B5DFDB3BB286}.Debug|Any CPU.ActiveCfg = Debug|Any CPU
		{2C27CEBC-A4BE-4D8A-89FB-B5DFDB3BB286}.Debug|Any CPU.Build.0 = Debug|Any CPU
		{2C27CEBC-A4BE-4D8A-89FB-B5DFDB3BB286}.Release|Any CPU.ActiveCfg = Release|Any CPU
		{2C27CEBC-A4BE-4D8A-89FB-B5DFDB3BB286}.Release|Any CPU.Build.0 = Release|Any CPU
		{F10FCB9C-749A-48DD-9A9F-2E208C464728}.Debug|Any CPU.ActiveCfg = Debug|Any CPU
		{F10FCB9C-749A-48DD-9A9F-2E208C464728}.Debug|Any CPU.Build.0 = Debug|Any CPU
		{F10FCB9C-749A-48DD-9A9F-2E208C464728}.Release|Any CPU.ActiveCfg = Release|Any CPU
		{F10FCB9C-749A-48DD-9A9F-2E208C464728}.Release|Any CPU.Build.0 = Release|Any CPU
		{FD3194A6-37CE-45D2-9860-C877A197146A}.Debug|Any CPU.ActiveCfg = Debug|Any CPU
		{FD3194A6-37CE-45D2-9860-C877A197146A}.Debug|Any CPU.Build.0 = Debug|Any CPU
		{FD3194A6-37CE-45D2-9860-C877A197146A}.Release|Any CPU.ActiveCfg = Release|Any CPU
		{FD3194A6-37CE-45D2-9860-C877A197146A}.Release|Any CPU.Build.0 = Release|Any CPU
		{FB7435BE-4596-482A-9669-A41CAB303429}.Debug|Any CPU.ActiveCfg = Debug|Any CPU
		{FB7435BE-4596-482A-9669-A41CAB303429}.Debug|Any CPU.Build.0 = Debug|Any CPU
		{FB7435BE-4596-482A-9669-A41CAB303429}.Release|Any CPU.ActiveCfg = Release|Any CPU
		{FB7435BE-4596-482A-9669-A41CAB303429}.Release|Any CPU.Build.0 = Release|Any CPU
		{34950970-A7A4-4FF9-9ACB-A0C92A6A6982}.Debug|Any CPU.ActiveCfg = Debug|Any CPU
		{34950970-A7A4-4FF9-9ACB-A0C92A6A6982}.Debug|Any CPU.Build.0 = Debug|Any CPU
		{34950970-A7A4-4FF9-9ACB-A0C92A6A6982}.Release|Any CPU.ActiveCfg = Release|Any CPU
		{34950970-A7A4-4FF9-9ACB-A0C92A6A6982}.Release|Any CPU.Build.0 = Release|Any CPU
		{2C570399-7FB4-4C83-AA23-712CA29C60DA}.Debug|Any CPU.ActiveCfg = Debug|Any CPU
		{2C570399-7FB4-4C83-AA23-712CA29C60DA}.Debug|Any CPU.Build.0 = Debug|Any CPU
		{2C570399-7FB4-4C83-AA23-712CA29C60DA}.Release|Any CPU.ActiveCfg = Release|Any CPU
		{2C570399-7FB4-4C83-AA23-712CA29C60DA}.Release|Any CPU.Build.0 = Release|Any CPU
		{E4EEA043-959F-407D-A11F-93A381FF38F5}.Debug|Any CPU.ActiveCfg = Debug|Any CPU
		{E4EEA043-959F-407D-A11F-93A381FF38F5}.Debug|Any CPU.Build.0 = Debug|Any CPU
		{E4EEA043-959F-407D-A11F-93A381FF38F5}.Release|Any CPU.ActiveCfg = Release|Any CPU
		{E4EEA043-959F-407D-A11F-93A381FF38F5}.Release|Any CPU.Build.0 = Release|Any CPU
		{76F66232-7444-4F5A-B097-7BEFCA03DD00}.Debug|Any CPU.ActiveCfg = Debug|Any CPU
		{76F66232-7444-4F5A-B097-7BEFCA03DD00}.Debug|Any CPU.Build.0 = Debug|Any CPU
		{76F66232-7444-4F5A-B097-7BEFCA03DD00}.Release|Any CPU.ActiveCfg = Release|Any CPU
		{76F66232-7444-4F5A-B097-7BEFCA03DD00}.Release|Any CPU.Build.0 = Release|Any CPU
	EndGlobalSection
	GlobalSection(SolutionProperties) = preSolution
		HideSolutionNode = FALSE
	EndGlobalSection
	GlobalSection(NestedProjects) = preSolution
		{01B7F227-CE8F-41FD-9AF8-6AF5E5259161} = {CFFB1EB9-6447-4C20-8400-27D7E2B04508}
		{84E05683-0E4A-4FB1-8FD4-9F0C509BC74C} = {CFFB1EB9-6447-4C20-8400-27D7E2B04508}
		{CD9A8AA1-5CAB-4218-91C5-2550BB86354A} = {01B7F227-CE8F-41FD-9AF8-6AF5E5259161}
		{A6D04B11-0C09-4361-B044-B743F61D9E06} = {01B7F227-CE8F-41FD-9AF8-6AF5E5259161}
		{EAE0F331-1D99-42F6-9926-34C3EAD78BBF} = {01B7F227-CE8F-41FD-9AF8-6AF5E5259161}
		{4EA615C5-8C04-4EA1-91DA-C86DA54D2E63} = {01B7F227-CE8F-41FD-9AF8-6AF5E5259161}
		{54635492-7F95-449B-8C5B-493566F68D4A} = {01B7F227-CE8F-41FD-9AF8-6AF5E5259161}
		{00AA7CFA-B348-4303-B3D0-40750DA10B94} = {01B7F227-CE8F-41FD-9AF8-6AF5E5259161}
		{11C509DD-21AC-415F-B2F2-EB58985F2703} = {84E05683-0E4A-4FB1-8FD4-9F0C509BC74C}
		{78EA22FC-B933-4349-A097-556A076009F1} = {11C509DD-21AC-415F-B2F2-EB58985F2703}
		{D0D4D281-24C1-4EE0-88D6-01FA18B90442} = {11C509DD-21AC-415F-B2F2-EB58985F2703}
		{1A88B2CE-A954-4709-B15E-F6F1210AD2FD} = {11C509DD-21AC-415F-B2F2-EB58985F2703}
		{53D6E924-1C32-4039-8192-CE1BEA129C61} = {11C509DD-21AC-415F-B2F2-EB58985F2703}
		{54568B1F-31E7-4BA3-A2ED-826E85050603} = {11C509DD-21AC-415F-B2F2-EB58985F2703}
		{E3BE1496-27FA-4B1B-B8B2-A9DC8DDDC4C3} = {84E05683-0E4A-4FB1-8FD4-9F0C509BC74C}
		{4D2E6395-7B0E-4375-809B-BFE3877C88BD} = {84E05683-0E4A-4FB1-8FD4-9F0C509BC74C}
		{25692453-FAEE-4B7B-B708-01F05A48E752} = {4D2E6395-7B0E-4375-809B-BFE3877C88BD}
		{BF726E0C-B3B5-416B-9E77-82F8AA362F0D} = {4D2E6395-7B0E-4375-809B-BFE3877C88BD}
		{2C27CEBC-A4BE-4D8A-89FB-B5DFDB3BB286} = {4D2E6395-7B0E-4375-809B-BFE3877C88BD}
		{F10FCB9C-749A-48DD-9A9F-2E208C464728} = {4D2E6395-7B0E-4375-809B-BFE3877C88BD}
		{FD3194A6-37CE-45D2-9860-C877A197146A} = {E3BE1496-27FA-4B1B-B8B2-A9DC8DDDC4C3}
		{FB7435BE-4596-482A-9669-A41CAB303429} = {E3BE1496-27FA-4B1B-B8B2-A9DC8DDDC4C3}
		{34950970-A7A4-4FF9-9ACB-A0C92A6A6982} = {E3BE1496-27FA-4B1B-B8B2-A9DC8DDDC4C3}
		{2C570399-7FB4-4C83-AA23-712CA29C60DA} = {E3BE1496-27FA-4B1B-B8B2-A9DC8DDDC4C3}
		{E4EEA043-959F-407D-A11F-93A381FF38F5} = {E3BE1496-27FA-4B1B-B8B2-A9DC8DDDC4C3}
		{76F66232-7444-4F5A-B097-7BEFCA03DD00} = {4D2E6395-7B0E-4375-809B-BFE3877C88BD}
		{81ADB4C9-6D2A-42AF-9139-F010878B1FCB} = {CFFB1EB9-6447-4C20-8400-27D7E2B04508}
	EndGlobalSection
	GlobalSection(ExtensibilityGlobals) = postSolution
		SolutionGuid = {C127633B-AB1B-43AE-A516-DCF06F13F757}
	EndGlobalSection
EndGlobal
